Microsoft Visual Studio Solution File, Format Version 12.00
# Visual Studio Version 17
VisualStudioVersion = 17.5.2.0
MinimumVisualStudioVersion = 10.0.40219.1
Project("{FAE04EC0-301F-11D3-BF4B-00C04F79EFBC}") = "KafkaAppDemo", "KafkaAppDemo\KafkaAppDemo.csproj", "{B28541D5-8899-3E43-2105-A8B49E64C5FE}"
EndProject
Global
	GlobalSection(SolutionConfigurationPlatforms) = preSolution
		Debug|Any CPU = Debug|Any CPU
		Release|Any CPU = Release|Any CPU
	EndGlobalSection
	GlobalSection(ProjectConfigurationPlatforms) = postSolution
		{B28541D5-8899-3E43-2105-A8B49E64C5FE}.Debug|Any CPU.ActiveCfg = Debug|Any CPU
		{B28541D5-8899-3E43-2105-A8B49E64C5FE}.Debug|Any CPU.Build.0 = Debug|Any CPU
		{B28541D5-8899-3E43-2105-A8B49E64C5FE}.Release|Any CPU.ActiveCfg = Release|Any CPU
		{B28541D5-8899-3E43-2105-A8B49E64C5FE}.Release|Any CPU.Build.0 = Release|Any CPU
	EndGlobalSection
	GlobalSection(SolutionProperties) = preSolution
		HideSolutionNode = FALSE
	EndGlobalSection
	GlobalSection(ExtensibilityGlobals) = postSolution
		SolutionGuid = {0EF8A506-F60B-4C4E-A1F2-F86F797761C3}
	EndGlobalSection
EndGlobal
